
Microsoft Visual Studio Solution File, Format Version 12.00
# Visual Studio Version 16
VisualStudioVersion = 16.0.30717.126
MinimumVisualStudioVersion = 10.0.40219.1
Project("{9A19103F-16F7-4668-BE54-9A1E7A4F7556}") = "DataAccess", "DataAccess\DataAccess.csproj", "{0FDB449A-49D9-4877-96D2-F500ACA2D4FE}"
EndProject
Project("{9A19103F-16F7-4668-BE54-9A1E7A4F7556}") = "Business", "Business\Business.csproj", "{41E31728-8063-4028-9D5D-CC2C28A104A8}"
EndProject
Project("{9A19103F-16F7-4668-BE54-9A1E7A4F7556}") = "Entities", "Entities\Entities.csproj", "{AB01EFC2-FD9A-487B-AD81-0CF0A646FCEB}"
EndProject
Project("{9A19103F-16F7-4668-BE54-9A1E7A4F7556}") = "ConsoleUI", "ConsoleUI\ConsoleUI.csproj", "{4CA6DD34-4BF6-4D37-AAF8-7AD96F168411}"
EndProject
Project("{FAE04EC0-301F-11D3-BF4B-00C04F79EFBC}") = "Core", "Core\Core.csproj", "{B043DE4B-A20B-4236-877D-DB4D6471555E}"
EndProject
Global
	GlobalSection(SolutionConfigurationPlatforms) = preSolution
		Debug|Any CPU = Debug|Any CPU
		Release|Any CPU = Release|Any CPU
	EndGlobalSection
	GlobalSection(ProjectConfigurationPlatforms) = postSolution
		{0FDB449A-49D9-4877-96D2-F500ACA2D4FE}.Debug|Any CPU.ActiveCfg = Debug|Any CPU
		{0FDB449A-49D9-4877-96D2-F500ACA2D4FE}.Debug|Any CPU.Build.0 = Debug|Any CPU
		{0FDB449A-49D9-4877-96D2-F500ACA2D4FE}.Release|Any CPU.ActiveCfg = Release|Any CPU
		{0FDB449A-49D9-4877-96D2-F500ACA2D4FE}.Release|Any CPU.Build.0 = Release|Any CPU
		{41E31728-8063-4028-9D5D-CC2C28A104A8}.Debug|Any CPU.ActiveCfg = Debug|Any CPU
		{41E31728-8063-4028-9D5D-CC2C28A104A8}.Debug|Any CPU.Build.0 = Debug|Any CPU
		{41E31728-8063-4028-9D5D-CC2C28A104A8}.Release|Any CPU.ActiveCfg = Release|Any CPU
		{41E31728-8063-4028-9D5D-CC2C28A104A8}.Release|Any CPU.Build.0 = Release|Any CPU
		{AB01EFC2-FD9A-487B-AD81-0CF0A646FCEB}.Debug|Any CPU.ActiveCfg = Debug|Any CPU
		{AB01EFC2-FD9A-487B-AD81-0CF0A646FCEB}.Debug|Any CPU.Build.0 = Debug|Any CPU
		{AB01EFC2-FD9A-487B-AD81-0CF0A646FCEB}.Release|Any CPU.ActiveCfg = Release|Any CPU
		{AB01EFC2-FD9A-487B-AD81-0CF0A646FCEB}.Release|Any CPU.Build.0 = Release|Any CPU
		{4CA6DD34-4BF6-4D37-AAF8-7AD96F168411}.Debug|Any CPU.ActiveCfg = Debug|Any CPU
		{4CA6DD34-4BF6-4D37-AAF8-7AD96F168411}.Debug|Any CPU.Build.0 = Debug|Any CPU
		{4CA6DD34-4BF6-4D37-AAF8-7AD96F168411}.Release|Any CPU.ActiveCfg = Release|Any CPU
		{4CA6DD34-4BF6-4D37-AAF8-7AD96F168411}.Release|Any CPU.Build.0 = Release|Any CPU
		{B043DE4B-A20B-4236-877D-DB4D6471555E}.Debug|Any CPU.ActiveCfg = Debug|Any CPU
		{B043DE4B-A20B-4236-877D-DB4D6471555E}.Debug|Any CPU.Build.0 = Debug|Any CPU
		{B043DE4B-A20B-4236-877D-DB4D6471555E}.Release|Any CPU.ActiveCfg = Release|Any CPU
		{B043DE4B-A20B-4236-877D-DB4D6471555E}.Release|Any CPU.Build.0 = Release|Any CPU
	EndGlobalSection
	GlobalSection(SolutionProperties) = preSolution
		HideSolutionNode = FALSE
	EndGlobalSection
	GlobalSection(ExtensibilityGlobals) = postSolution
		SolutionGuid = {0B1C474B-41AF-4D3A-9732-813899B8799B}
	EndGlobalSection
EndGlobal
